
Microsoft Visual Studio Solution File, Format Version 12.00
# Visual Studio Version 17
VisualStudioVersion = 17.0.31903.59
MinimumVisualStudioVersion = 10.0.40219.1
Project("{2150E333-8FDC-42A3-9474-1A3956D46DE8}") = "src", "src", "{827E0CD3-B72D-47B6-A68D-7590B98EB39B}"
EndProject
Project("{2150E333-8FDC-42A3-9474-1A3956D46DE8}") = "Core", "Core", "{8D626EA8-CB54-BC41-363A-217881BEBA6E}"
EndProject
Project("{FAE04EC0-301F-11D3-BF4B-00C04F79EFBC}") = "GameAutomation.Core.Models", "src\Core\GameAutomation.Core.Models\GameAutomation.Core.Models.csproj", "{3DE85EB4-41F9-41A5-93E9-F73C8CFEE414}"
EndProject
Project("{FAE04EC0-301F-11D3-BF4B-00C04F79EFBC}") = "GameAutomation.Core.Services", "src\Core\GameAutomation.Core.Services\GameAutomation.Core.Services.csproj", "{04DD7892-6F10-4206-8BFB-175C390ED07B}"
EndProject
Project("{FAE04EC0-301F-11D3-BF4B-00C04F79EFBC}") = "GameAutomation.Core.Workflows", "src\Core\GameAutomation.Core.Workflows\GameAutomation.Core.Workflows.csproj", "{B929892E-07B3-4B9D-8308-DC430FA9FCD1}"
EndProject
Project("{FAE04EC0-301F-11D3-BF4B-00C04F79EFBC}") = "GameAutomation.Core.Bot", "src\Core\GameAutomation.Core.Bot\GameAutomation.Core.Bot.csproj", "{3B640CAE-8122-41EB-AA2E-6E920114A5CB}"
EndProject
Project("{2150E333-8FDC-42A3-9474-1A3956D46DE8}") = "AI", "AI", "{01DEFA9D-CB1A-AC1D-F37C-9C74159CC2D9}"
EndProject
Project("{FAE04EC0-301F-11D3-BF4B-00C04F79EFBC}") = "GameAutomation.AI.MLNet", "src\AI\GameAutomation.AI.MLNet\GameAutomation.AI.MLNet.csproj", "{3D03E3B2-A33C-407E-AD64-F4D3F73879C6}"
EndProject
Project("{FAE04EC0-301F-11D3-BF4B-00C04F79EFBC}") = "GameAutomation.AI.OpenAI", "src\AI\GameAutomation.AI.OpenAI\GameAutomation.AI.OpenAI.csproj", "{EFDBC4CD-14F1-44FD-9E68-74C2F0DE571D}"
EndProject
Project("{FAE04EC0-301F-11D3-BF4B-00C04F79EFBC}") = "GameAutomation.AI.Anthropic", "src\AI\GameAutomation.AI.Anthropic\GameAutomation.AI.Anthropic.csproj", "{C23502B3-F46F-4766-BBAA-7B81915C206C}"
EndProject
Project("{2150E333-8FDC-42A3-9474-1A3956D46DE8}") = "UI", "UI", "{BBB7B94B-6E11-D9F1-7BA6-9ECA82DB22BF}"
EndProject
Project("{FAE04EC0-301F-11D3-BF4B-00C04F79EFBC}") = "GameAutomation.UI.WPF", "src\UI\GameAutomation.UI.WPF\GameAutomation.UI.WPF.csproj", "{35E2BD90-2471-4C0E-9AE5-C393D2F549B9}"
EndProject
Project("{FAE04EC0-301F-11D3-BF4B-00C04F79EFBC}") = "GameAutomation.UI.Console", "src\UI\GameAutomation.UI.Console\GameAutomation.UI.Console.csproj", "{DE5B452F-9F46-4F13-A4CB-AAB797BC87B3}"
EndProject
Global
	GlobalSection(SolutionConfigurationPlatforms) = preSolution
		Debug|Any CPU = Debug|Any CPU
		Debug|x64 = Debug|x64
		Debug|x86 = Debug|x86
		Release|Any CPU = Release|Any CPU
		Release|x64 = Release|x64
		Release|x86 = Release|x86
	EndGlobalSection
	GlobalSection(ProjectConfigurationPlatforms) = postSolution
		{3DE85EB4-41F9-41A5-93E9-F73C8CFEE414}.Debug|Any CPU.ActiveCfg = Debug|Any CPU
		{3DE85EB4-41F9-41A5-93E9-F73C8CFEE414}.Debug|Any CPU.Build.0 = Debug|Any CPU
		{3DE85EB4-41F9-41A5-93E9-F73C8CFEE414}.Debug|x64.ActiveCfg = Debug|Any CPU
		{3DE85EB4-41F9-41A5-93E9-F73C8CFEE414}.Debug|x64.Build.0 = Debug|Any CPU
		{3DE85EB4-41F9-41A5-93E9-F73C8CFEE414}.Debug|x86.ActiveCfg = Debug|Any CPU
		{3DE85EB4-41F9-41A5-93E9-F73C8CFEE414}.Debug|x86.Build.0 = Debug|Any CPU
		{3DE85EB4-41F9-41A5-93E9-F73C8CFEE414}.Release|Any CPU.ActiveCfg = Release|Any CPU
		{3DE85EB4-41F9-41A5-93E9-F73C8CFEE414}.Release|Any CPU.Build.0 = Release|Any CPU
		{3DE85EB4-41F9-41A5-93E9-F73C8CFEE414}.Release|x64.ActiveCfg = Release|Any CPU
		{3DE85EB4-41F9-41A5-93E9-F73C8CFEE414}.Release|x64.Build.0 = Release|Any CPU
		{3DE85EB4-41F9-41A5-93E9-F73C8CFEE414}.Release|x86.ActiveCfg = Release|Any CPU
		{3DE85EB4-41F9-41A5-93E9-F73C8CFEE414}.Release|x86.Build.0 = Release|Any CPU
		{04DD7892-6F10-4206-8BFB-175C390ED07B}.Debug|Any CPU.ActiveCfg = Debug|Any CPU
		{04DD7892-6F10-4206-8BFB-175C390ED07B}.Debug|Any CPU.Build.0 = Debug|Any CPU
		{04DD7892-6F10-4206-8BFB-175C390ED07B}.Debug|x64.ActiveCfg = Debug|Any CPU
		{04DD7892-6F10-4206-8BFB-175C390ED07B}.Debug|x64.Build.0 = Debug|Any CPU
		{04DD7892-6F10-4206-8BFB-175C390ED07B}.Debug|x86.ActiveCfg = Debug|Any CPU
		{04DD7892-6F10-4206-8BFB-175C390ED07B}.Debug|x86.Build.0 = Debug|Any CPU
		{04DD7892-6F10-4206-8BFB-175C390ED07B}.Release|Any CPU.ActiveCfg = Release|Any CPU
		{04DD7892-6F10-4206-8BFB-175C390ED07B}.Release|Any CPU.Build.0 = Release|Any CPU
		{04DD7892-6F10-4206-8BFB-175C390ED07B}.Release|x64.ActiveCfg = Release|Any CPU
		{04DD7892-6F10-4206-8BFB-175C390ED07B}.Release|x64.Build.0 = Release|Any CPU
		{04DD7892-6F10-4206-8BFB-175C390ED07B}.Release|x86.ActiveCfg = Release|Any CPU
		{04DD7892-6F10-4206-8BFB-175C390ED07B}.Release|x86.Build.0 = Release|Any CPU
		{B929892E-07B3-4B9D-8308-DC430FA9FCD1}.Debug|Any CPU.ActiveCfg = Debug|Any CPU
		{B929892E-07B3-4B9D-8308-DC430FA9FCD1}.Debug|Any CPU.Build.0 = Debug|Any CPU
		{B929892E-07B3-4B9D-8308-DC430FA9FCD1}.Debug|x64.ActiveCfg = Debug|Any CPU
		{B929892E-07B3-4B9D-8308-DC430FA9FCD1}.Debug|x64.Build.0 = Debug|Any CPU
		{B929892E-07B3-4B9D-8308-DC430FA9FCD1}.Debug|x86.ActiveCfg = Debug|Any CPU
		{B929892E-07B3-4B9D-8308-DC430FA9FCD1}.Debug|x86.Build.0 = Debug|Any CPU
		{B929892E-07B3-4B9D-8308-DC430FA9FCD1}.Release|Any CPU.ActiveCfg = Release|Any CPU
		{B929892E-07B3-4B9D-8308-DC430FA9FCD1}.Release|Any CPU.Build.0 = Release|Any CPU
		{B929892E-07B3-4B9D-8308-DC430FA9FCD1}.Release|x64.ActiveCfg = Release|Any CPU
		{B929892E-07B3-4B9D-8308-DC430FA9FCD1}.Release|x64.Build.0 = Release|Any CPU
		{B929892E-07B3-4B9D-8308-DC430FA9FCD1}.Release|x86.ActiveCfg = Release|Any CPU
		{B929892E-07B3-4B9D-8308-DC430FA9FCD1}.Release|x86.Build.0 = Release|Any CPU
		{3B640CAE-8122-41EB-AA2E-6E920114A5CB}.Debug|Any CPU.ActiveCfg = Debug|Any CPU
		{3B640CAE-8122-41EB-AA2E-6E920114A5CB}.Debug|Any CPU.Build.0 = Debug|Any CPU
		{3B640CAE-8122-41EB-AA2E-6E920114A5CB}.Debug|x64.ActiveCfg = Debug|Any CPU
		{3B640CAE-8122-41EB-AA2E-6E920114A5CB}.Debug|x64.Build.0 = Debug|Any CPU
		{3B640CAE-8122-41EB-AA2E-6E920114A5CB}.Debug|x86.ActiveCfg = Debug|Any CPU
		{3B640CAE-8122-41EB-AA2E-6E920114A5CB}.Debug|x86.Build.0 = Debug|Any CPU
		{3B640CAE-8122-41EB-AA2E-6E920114A5CB}.Release|Any CPU.ActiveCfg = Release|Any CPU
		{3B640CAE-8122-41EB-AA2E-6E920114A5CB}.Release|Any CPU.Build.0 = Release|Any CPU
		{3B640CAE-8122-41EB-AA2E-6E920114A5CB}.Release|x64.ActiveCfg = Release|Any CPU
		{3B640CAE-8122-41EB-AA2E-6E920114A5CB}.Release|x64.Build.0 = Release|Any CPU
		{3B640CAE-8122-41EB-AA2E-6E920114A5CB}.Release|x86.ActiveCfg = Release|Any CPU
		{3B640CAE-8122-41EB-AA2E-6E920114A5CB}.Release|x86.Build.0 = Release|Any CPU
		{3D03E3B2-A33C-407E-AD64-F4D3F73879C6}.Debug|Any CPU.ActiveCfg = Debug|Any CPU
		{3D03E3B2-A33C-407E-AD64-F4D3F73879C6}.Debug|Any CPU.Build.0 = Debug|Any CPU
		{3D03E3B2-A33C-407E-AD64-F4D3F73879C6}.Debug|x64.ActiveCfg = Debug|Any CPU
		{3D03E3B2-A33C-407E-AD64-F4D3F73879C6}.Debug|x64.Build.0 = Debug|Any CPU
		{3D03E3B2-A33C-407E-AD64-F4D3F73879C6}.Debug|x86.ActiveCfg = Debug|Any CPU
		{3D03E3B2-A33C-407E-AD64-F4D3F73879C6}.Debug|x86.Build.0 = Debug|Any CPU
		{3D03E3B2-A33C-407E-AD64-F4D3F73879C6}.Release|Any CPU.ActiveCfg = Release|Any CPU
		{3D03E3B2-A33C-407E-AD64-F4D3F73879C6}.Release|Any CPU.Build.0 = Release|Any CPU
		{3D03E3B2-A33C-407E-AD64-F4D3F73879C6}.Release|x64.ActiveCfg = Release|Any CPU
		{3D03E3B2-A33C-407E-AD64-F4D3F73879C6}.Release|x64.Build.0 = Release|Any CPU
		{3D03E3B2-A33C-407E-AD64-F4D3F73879C6}.Release|x86.ActiveCfg = Release|Any CPU
		{3D03E3B2-A33C-407E-AD64-F4D3F73879C6}.Release|x86.Build.0 = Release|Any CPU
		{EFDBC4CD-14F1-44FD-9E68-74C2F0DE571D}.Debug|Any CPU.ActiveCfg = Debug|Any CPU
		{EFDBC4CD-14F1-44FD-9E68-74C2F0DE571D}.Debug|Any CPU.Build.0 = Debug|Any CPU
		{EFDBC4CD-14F1-44FD-9E68-74C2F0DE571D}.Debug|x64.ActiveCfg = Debug|Any CPU
		{EFDBC4CD-14F1-44FD-9E68-74C2F0DE571D}.Debug|x64.Build.0 = Debug|Any CPU
		{EFDBC4CD-14F1-44FD-9E68-74C2F0DE571D}.Debug|x86.ActiveCfg = Debug|Any CPU
		{EFDBC4CD-14F1-44FD-9E68-74C2F0DE571D}.Debug|x86.Build.0 = Debug|Any CPU
		{EFDBC4CD-14F1-44FD-9E68-74C2F0DE571D}.Release|Any CPU.ActiveCfg = Release|Any CPU
		{EFDBC4CD-14F1-44FD-9E68-74C2F0DE571D}.Release|Any CPU.Build.0 = Release|Any CPU
		{EFDBC4CD-14F1-44FD-9E68-74C2F0DE571D}.Release|x64.ActiveCfg = Release|Any CPU
		{EFDBC4CD-14F1-44FD-9E68-74C2F0DE571D}.Release|x64.Build.0 = Release|Any CPU
		{EFDBC4CD-14F1-44FD-9E68-74C2F0DE571D}.Release|x86.ActiveCfg = Release|Any CPU
		{EFDBC4CD-14F1-44FD-9E68-74C2F0DE571D}.Release|x86.Build.0 = Release|Any CPU
		{C23502B3-F46F-4766-BBAA-7B81915C206C}.Debug|Any CPU.ActiveCfg = Debug|Any CPU
		{C23502B3-F46F-4766-BBAA-7B81915C206C}.Debug|Any CPU.Build.0 = Debug|Any CPU
		{C23502B3-F46F-4766-BBAA-7B81915C206C}.Debug|x64.ActiveCfg = Debug|Any CPU
		{C23502B3-F46F-4766-BBAA-7B81915C206C}.Debug|x64.Build.0 = Debug|Any CPU
		{C23502B3-F46F-4766-BBAA-7B81915C206C}.Debug|x86.ActiveCfg = Debug|Any CPU
		{C23502B3-F46F-4766-BBAA-7B81915C206C}.Debug|x86.Build.0 = Debug|Any CPU
		{C23502B3-F46F-4766-BBAA-7B81915C206C}.Release|Any CPU.ActiveCfg = Release|Any CPU
		{C23502B3-F46F-4766-BBAA-7B81915C206C}.Release|Any CPU.Build.0 = Release|Any CPU
		{C23502B3-F46F-4766-BBAA-7B81915C206C}.Release|x64.ActiveCfg = Release|Any CPU
		{C23502B3-F46F-4766-BBAA-7B81915C206C}.Release|x64.Build.0 = Release|Any CPU
		{C23502B3-F46F-4766-BBAA-7B81915C206C}.Release|x86.ActiveCfg = Release|Any CPU
		{C23502B3-F46F-4766-BBAA-7B81915C206C}.Release|x86.Build.0 = Release|Any CPU
		{35E2BD90-2471-4C0E-9AE5-C393D2F549B9}.Debug|Any CPU.ActiveCfg = Debug|Any CPU
		{35E2BD90-2471-4C0E-9AE5-C393D2F549B9}.Debug|Any CPU.Build.0 = Debug|Any CPU
		{35E2BD90-2471-4C0E-9AE5-C393D2F549B9}.Debug|x64.ActiveCfg = Debug|Any CPU
		{35E2BD90-2471-4C0E-9AE5-C393D2F549B9}.Debug|x64.Build.0 = Debug|Any CPU
		{35E2BD90-2471-4C0E-9AE5-C393D2F549B9}.Debug|x86.ActiveCfg = Debug|Any CPU
		{35E2BD90-2471-4C0E-9AE5-C393D2F549B9}.Debug|x86.Build.0 = Debug|Any CPU
		{35E2BD90-2471-4C0E-9AE5-C393D2F549B9}.Release|Any CPU.ActiveCfg = Release|Any CPU
		{35E2BD90-2471-4C0E-9AE5-C393D2F549B9}.Release|Any CPU.Build.0 = Release|Any CPU
		{35E2BD90-2471-4C0E-9AE5-C393D2F549B9}.Release|x64.ActiveCfg = Release|Any CPU
		{35E2BD90-2471-4C0E-9AE5-C393D2F549B9}.Release|x64.Build.0 = Release|Any CPU
		{35E2BD90-2471-4C0E-9AE5-C393D2F549B9}.Release|x86.ActiveCfg = Release|Any CPU
		{35E2BD90-2471-4C0E-9AE5-C393D2F549B9}.Release|x86.Build.0 = Release|Any CPU
		{DE5B452F-9F46-4F13-A4CB-AAB797BC87B3}.Debug|Any CPU.ActiveCfg = Debug|Any CPU
		{DE5B452F-9F46-4F13-A4CB-AAB797BC87B3}.Debug|Any CPU.Build.0 = Debug|Any CPU
		{DE5B452F-9F46-4F13-A4CB-AAB797BC87B3}.Debug|x64.ActiveCfg = Debug|Any CPU
		{DE5B452F-9F46-4F13-A4CB-AAB797BC87B3}.Debug|x64.Build.0 = Debug|Any CPU
		{DE5B452F-9F46-4F13-A4CB-AAB797BC87B3}.Debug|x86.ActiveCfg = Debug|Any CPU
		{DE5B452F-9F46-4F13-A4CB-AAB797BC87B3}.Debug|x86.Build.0 = Debug|Any CPU
		{DE5B452F-9F46-4F13-A4CB-AAB797BC87B3}.Release|Any CPU.ActiveCfg = Release|Any CPU
		{DE5B452F-9F46-4F13-A4CB-AAB797BC87B3}.Release|Any CPU.Build.0 = Release|Any CPU
		{DE5B452F-9F46-4F13-A4CB-AAB797BC87B3}.Release|x64.ActiveCfg = Release|Any CPU
		{DE5B452F-9F46-4F13-A4CB-AAB797BC87B3}.Release|x64.Build.0 = Release|Any CPU
		{DE5B452F-9F46-4F13-A4CB-AAB797BC87B3}.Release|x86.ActiveCfg = Release|Any CPU
		{DE5B452F-9F46-4F13-A4CB-AAB797BC87B3}.Release|x86.Build.0 = Release|Any CPU
	EndGlobalSection
	GlobalSection(SolutionProperties) = preSolution
		HideSolutionNode = FALSE
	EndGlobalSection
	GlobalSection(NestedProjects) = preSolution
		{8D626EA8-CB54-BC41-363A-217881BEBA6E} = {827E0CD3-B72D-47B6-A68D-7590B98EB39B}
		{3DE85EB4-41F9-41A5-93E9-F73C8CFEE414} = {8D626EA8-CB54-BC41-363A-217881BEBA6E}
		{04DD7892-6F10-4206-8BFB-175C390ED07B} = {8D626EA8-CB54-BC41-363A-217881BEBA6E}
		{B929892E-07B3-4B9D-8308-DC430FA9FCD1} = {8D626EA8-CB54-BC41-363A-217881BEBA6E}
		{3B640CAE-8122-41EB-AA2E-6E920114A5CB} = {8D626EA8-CB54-BC41-363A-217881BEBA6E}
		{01DEFA9D-CB1A-AC1D-F37C-9C74159CC2D9} = {827E0CD3-B72D-47B6-A68D-7590B98EB39B}
		{3D03E3B2-A33C-407E-AD64-F4D3F73879C6} = {01DEFA9D-CB1A-AC1D-F37C-9C74159CC2D9}
		{EFDBC4CD-14F1-44FD-9E68-74C2F0DE571D} = {01DEFA9D-CB1A-AC1D-F37C-9C74159CC2D9}
		{C23502B3-F46F-4766-BBAA-7B81915C206C} = {01DEFA9D-CB1A-AC1D-F37C-9C74159CC2D9}
		{BBB7B94B-6E11-D9F1-7BA6-9ECA82DB22BF} = {827E0CD3-B72D-47B6-A68D-7590B98EB39B}
		{35E2BD90-2471-4C0E-9AE5-C393D2F549B9} = {BBB7B94B-6E11-D9F1-7BA6-9ECA82DB22BF}
		{DE5B452F-9F46-4F13-A4CB-AAB797BC87B3} = {BBB7B94B-6E11-D9F1-7BA6-9ECA82DB22BF}
	EndGlobalSection
EndGlobal
